
Microsoft Visual Studio Solution File, Format Version 12.00
# Visual Studio Version 17
VisualStudioVersion = 17.6.33815.320
MinimumVisualStudioVersion = 10.0.40219.1
Project("{FAE04EC0-301F-11D3-BF4B-00C04F79EFBC}") = "Part II", "Part II.csproj", "{0BFE8BE7-64E5-47E0-836B-3AF4D19A5320}"
EndProject
Global
	GlobalSection(SolutionConfigurationPlatforms) = preSolution
		Debug|Any CPU = Debug|Any CPU
		Release|Any CPU = Release|Any CPU
	EndGlobalSection
	GlobalSection(ProjectConfigurationPlatforms) = postSolution
		{0BFE8BE7-64E5-47E0-836B-3AF4D19A5320}.Debug|Any CPU.ActiveCfg = Debug|Any CPU
		{0BFE8BE7-64E5-47E0-836B-3AF4D19A5320}.Debug|Any CPU.Build.0 = Debug|Any CPU
		{0BFE8BE7-64E5-47E0-836B-3AF4D19A5320}.Release|Any CPU.ActiveCfg = Release|Any CPU
		{0BFE8BE7-64E5-47E0-836B-3AF4D19A5320}.Release|Any CPU.Build.0 = Release|Any CPU
	EndGlobalSection
	GlobalSection(SolutionProperties) = preSolution
		HideSolutionNode = FALSE
	EndGlobalSection
	GlobalSection(ExtensibilityGlobals) = postSolution
		SolutionGuid = {2607421B-F1E7-4980-9004-C591E441F594}
	EndGlobalSection
EndGlobal
