
Microsoft Visual Studio Solution File, Format Version 12.00
# Visual Studio Version 17
VisualStudioVersion = 17.6.33815.320
MinimumVisualStudioVersion = 10.0.40219.1
Project("{FAE04EC0-301F-11D3-BF4B-00C04F79EFBC}") = "Part III.1", "Part III.1.csproj", "{5B35AADA-E34B-428A-866B-A662C3B3C636}"
EndProject
Global
	GlobalSection(SolutionConfigurationPlatforms) = preSolution
		Debug|Any CPU = Debug|Any CPU
		Release|Any CPU = Release|Any CPU
	EndGlobalSection
	GlobalSection(ProjectConfigurationPlatforms) = postSolution
		{5B35AADA-E34B-428A-866B-A662C3B3C636}.Debug|Any CPU.ActiveCfg = Debug|Any CPU
		{5B35AADA-E34B-428A-866B-A662C3B3C636}.Debug|Any CPU.Build.0 = Debug|Any CPU
		{5B35AADA-E34B-428A-866B-A662C3B3C636}.Release|Any CPU.ActiveCfg = Release|Any CPU
		{5B35AADA-E34B-428A-866B-A662C3B3C636}.Release|Any CPU.Build.0 = Release|Any CPU
	EndGlobalSection
	GlobalSection(SolutionProperties) = preSolution
		HideSolutionNode = FALSE
	EndGlobalSection
	GlobalSection(ExtensibilityGlobals) = postSolution
		SolutionGuid = {90A837DD-5BF7-4754-A5CD-27F05421FFB8}
	EndGlobalSection
EndGlobal
